
Microsoft Visual Studio Solution File, Format Version 12.00
# Visual Studio Version 16
VisualStudioVersion = 16.0.29411.108
MinimumVisualStudioVersion = 10.0.40219.1
Project("{FAE04EC0-301F-11D3-BF4B-00C04F79EFBC}") = "UserMaintenance", "UserMaintenance\UserMaintenance.csproj", "{A56C3B76-9DE2-4C89-A59E-A2F11FFB6A33}"
EndProject
Global
	GlobalSection(SolutionConfigurationPlatforms) = preSolution
		Debug|Any CPU = Debug|Any CPU
		Release|Any CPU = Release|Any CPU
	EndGlobalSection
	GlobalSection(ProjectConfigurationPlatforms) = postSolution
		{A56C3B76-9DE2-4C89-A59E-A2F11FFB6A33}.Debug|Any CPU.ActiveCfg = Debug|Any CPU
		{A56C3B76-9DE2-4C89-A59E-A2F11FFB6A33}.Debug|Any CPU.Build.0 = Debug|Any CPU
		{A56C3B76-9DE2-4C89-A59E-A2F11FFB6A33}.Release|Any CPU.ActiveCfg = Release|Any CPU
		{A56C3B76-9DE2-4C89-A59E-A2F11FFB6A33}.Release|Any CPU.Build.0 = Release|Any CPU
	EndGlobalSection
	GlobalSection(SolutionProperties) = preSolution
		HideSolutionNode = FALSE
	EndGlobalSection
	GlobalSection(ExtensibilityGlobals) = postSolution
		SolutionGuid = {1D8E351D-D09A-4F8F-BBF1-B57A094BEC04}
	EndGlobalSection
EndGlobal
